version = 1
revision = 3
requires-python = ">=3.12"

[[package]]
name = "csv-avro-assignment"
version = "0.1.0"
source = { virtual = "." }
dependencies = [
    { name = "fastavro" },
]

[package.metadata]
requires-dist = [{ name = "fastavro", specifier = ">=1.12.1" }]

[[package]]
name = "fastavro"
version = "1.12.1"
source = { registry = "https://pypi.org/simple" }
sdist = { url = "https://files.pythonhosted.org/packages/65/8b/fa2d3287fd2267be6261d0177c6809a7fa12c5600ddb33490c8dc29e77b2/fastavro-1.12.1.tar.gz", hash = "sha256:2f285be49e45bc047ab2f6bed040bb349da85db3f3c87880e4b92595ea093b2b", size = 1025661, upload-time = "2025-10-10T15:40:55.41Z" }
wheels = [
    { url = "https://files.pythonhosted.org/packages/7c/f0/10bd1a3d08667fa0739e2b451fe90e06df575ec8b8ba5d3135c70555c9bd/fastavro-1.12.1-cp312-cp312-macosx_10_13_universal2.whl", hash = "sha256:509818cb24b98a804fc80be9c5fed90f660310ae3d59382fc811bfa187122167", size = 1009057, upload-time = "2025-10-10T15:41:24.556Z" },
    { url = "https://files.pythonhosted.org/packages/78/ad/0d985bc99e1fa9e74c636658000ba38a5cd7f5ab2708e9c62eaf736ecf1a/fastavro-1.12.1-cp312-cp312-manylinux2014_aarch64.manylinux_2_17_aarch64.manylinux_2_28_aarch64.whl", hash = "sha256:089e155c0c76e0d418d7e79144ce000524dd345eab3bc1e9c5ae69d500f71b14", size = 3391866, upload-time = "2025-10-10T15:41:26.882Z" },
    { url = "https://files.pythonhosted.org/packages/0d/9e/b4951dc84ebc34aac69afcbfbb22ea4a91080422ec2bfd2c06076ff1d419/fastavro-1.12.1-cp312-cp312-manylinux2014_x86_64.manylinux_2_17_x86_64.manylinux_2_28_x86_64.whl", hash = "sha256:44cbff7518901c91a82aab476fcab13d102e4999499df219d481b9e15f61af34", size = 3458005, upload-time = "2025-10-10T15:41:29.017Z" },
    { url = "https://files.pythonhosted.org/packages/af/f8/5a8df450a9f55ca8441f22ea0351d8c77809fc121498b6970daaaf667a21/fastavro-1.12.1-cp312-cp312-musllinux_1_2_aarch64.whl", hash = "sha256:a275e48df0b1701bb764b18a8a21900b24cf882263cb03d35ecdba636bbc830b", size = 3295258, upload-time = "2025-10-10T15:41:31.564Z" },
    { url = "https://files.pythonhosted.org/packages/99/b2/40f25299111d737e58b85696e91138a66c25b7334f5357e7ac2b0e8966f8/fastavro-1.12.1-cp312-cp312-musllinux_1_2_x86_64.whl", hash = "sha256:2de72d786eb38be6b16d556b27232b1bf1b2797ea09599507938cdb7a9fe3e7c", size = 3430328, upload-time = "2025-10-10T15:41:33.689Z" },
    { url = "https://files.pythonhosted.org/packages/e0/07/85157a7c57c5f8b95507d7829b5946561e5ee656ff80e9dd9a757f53ddaf/fastavro-1.12.1-cp312-cp312-win_amd64.whl", hash = "sha256:9090f0dee63fe022ee9cc5147483366cc4171c821644c22da020d6b48f576b4f", size = 444140, upload-time = "2025-10-10T15:41:34.902Z" },
    { url = "https://files.pythonhosted.org/packages/bb/57/26d5efef9182392d5ac9f253953c856ccb66e4c549fd3176a1e94efb05c9/fastavro-1.12.1-cp313-cp313-macosx_10_13_universal2.whl", hash = "sha256:78df838351e4dff9edd10a1c41d1324131ffecbadefb9c297d612ef5363c049a", size = 1000599, upload-time = "2025-10-10T15:41:36.554Z" },
    { url = "https://files.pythonhosted.org/packages/33/cb/8ab55b21d018178eb126007a56bde14fd01c0afc11d20b5f2624fe01e698/fastavro-1.12.1-cp313-cp313-manylinux2014_aarch64.manylinux_2_17_aarch64.manylinux_2_28_aarch64.whl", hash = "sha256:780476c23175d2ae457c52f45b9ffa9d504593499a36cd3c1929662bf5b7b14b", size = 3335933, upload-time = "2025-10-10T15:41:39.07Z" },
    { url = "https://files.pythonhosted.org/packages/fe/03/9c94ec9bf873eb1ffb0aa694f4e71940154e6e9728ddfdc46046d7e8ced4/fastavro-1.12.1-cp313-cp313-manylinux2014_x86_64.manylinux_2_17_x86_64.manylinux_2_28_x86_64.whl", hash = "sha256:0714b285160fcd515eb0455540f40dd6dac93bdeacdb03f24e8eac3d8aa51f8d", size = 3402066, upload-time = "2025-10-10T15:41:41.608Z" },
    { url = "https://files.pythonhosted.org/packages/75/c8/cb472347c5a584ccb8777a649ebb28278fccea39d005fc7df19996f41df8/fastavro-1.12.1-cp313-cp313-musllinux_1_2_aarch64.whl", hash = "sha256:a8bc2dcec5843d499f2489bfe0747999108f78c5b29295d877379f1972a3d41a", size = 3240038, upload-time = "2025-10-10T15:41:43.743Z" },
    { url = "https://files.pythonhosted.org/packages/e1/77/569ce9474c40304b3a09e109494e020462b83e405545b78069ddba5f614e/fastavro-1.12.1-cp313-cp313-musllinux_1_2_x86_64.whl", hash = "sha256:3b1921ac35f3d89090a5816b626cf46e67dbecf3f054131f84d56b4e70496f45", size = 3369398, upload-time = "2025-10-10T15:41:45.719Z" },
    { url = "https://files.pythonhosted.org/packages/4a/1f/9589e35e9ea68035385db7bdbf500d36b8891db474063fb1ccc8215ee37c/fastavro-1.12.1-cp313-cp313-win_amd64.whl", hash = "sha256:5aa777b8ee595b50aa084104cd70670bf25a7bbb9fd8bb5d07524b0785ee1699", size = 444220, upload-time = "2025-10-10T15:41:47.39Z" },
    { url = "https://files.pythonhosted.org/packages/6c/d2/78435fe737df94bd8db2234b2100f5453737cffd29adee2504a2b013de84/fastavro-1.12.1-cp313-cp313t-macosx_10_13_universal2.whl", hash = "sha256:c3d67c47f177e486640404a56f2f50b165fe892cc343ac3a34673b80cc7f1dd6", size = 1086611, upload-time = "2025-10-10T15:41:48.818Z" },
    { url = "https://files.pythonhosted.org/packages/b6/be/428f99b10157230ddac77ec8cc167005b29e2bd5cbe228345192bb645f30/fastavro-1.12.1-cp313-cp313t-manylinux2014_aarch64.manylinux_2_17_aarch64.manylinux_2_28_aarch64.whl", hash = "sha256:5217f773492bac43dae15ff2931432bce2d7a80be7039685a78d3fab7df910bd", size = 3541001, upload-time = "2025-10-10T15:41:50.871Z" },
    { url = "https://files.pythonhosted.org/packages/16/08/a2eea4f20b85897740efe44887e1ac08f30dfa4bfc3de8962bdcbb21a5a1/fastavro-1.12.1-cp313-cp313t-manylinux2014_x86_64.manylinux_2_17_x86_64.manylinux_2_28_x86_64.whl", hash = "sha256:469fecb25cba07f2e1bfa4c8d008477cd6b5b34a59d48715e1b1a73f6160097d", size = 3432217, upload-time = "2025-10-10T15:41:53.149Z" },
    { url = "https://files.pythonhosted.org/packages/87/bb/b4c620b9eb6e9838c7f7e4b7be0762834443adf9daeb252a214e9ad3178c/fastavro-1.12.1-cp313-cp313t-musllinux_1_2_aarch64.whl", hash = "sha256:d71c8aa841ef65cfab709a22bb887955f42934bced3ddb571e98fdbdade4c609", size = 3366742, upload-time = "2025-10-10T15:41:55.237Z" },
    { url = "https://files.pythonhosted.org/packages/3d/d1/e69534ccdd5368350646fea7d93be39e5f77c614cca825c990bd9ca58f67/fastavro-1.12.1-cp313-cp313t-musllinux_1_2_x86_64.whl", hash = "sha256:b81fc04e85dfccf7c028e0580c606e33aa8472370b767ef058aae2c674a90746", size = 3383743, upload-time = "2025-10-10T15:41:57.68Z" },
    { url = "https://files.pythonhosted.org/packages/58/54/b7b4a0c3fb5fcba38128542da1b26c4e6d69933c923f493548bdfd63ab6a/fastavro-1.12.1-cp314-cp314-macosx_10_15_universal2.whl", hash = "sha256:9445da127751ba65975d8e4bdabf36bfcfdad70fc35b2d988e3950cce0ec0e7c", size = 1001377, upload-time = "2025-10-10T15:41:59.241Z" },
    { url = "https://files.pythonhosted.org/packages/1e/4f/0e589089c7df0d8f57d7e5293fdc34efec9a3b758a0d4d0c99a7937e2492/fastavro-1.12.1-cp314-cp314-manylinux2014_aarch64.manylinux_2_17_aarch64.manylinux_2_28_aarch64.whl", hash = "sha256:ed924233272719b5d5a6a0b4d80ef3345fc7e84fc7a382b6232192a9112d38a6", size = 3320401, upload-time = "2025-10-10T15:42:01.682Z" },
    { url = "https://files.pythonhosted.org/packages/f9/19/260110d56194ae29d7e423a336fccea8bcd103196d00f0b364b732bdb84e/fastavro-1.12.1-cp314-cp314-manylinux2014_x86_64.manylinux_2_17_x86_64.manylinux_2_28_x86_64.whl", hash = "sha256:3616e2f0e1c9265e92954fa099db79c6e7817356d3ff34f4bcc92699ae99697c", size = 3350894, upload-time = "2025-10-10T15:42:04.073Z" },
    { url = "https://files.pythonhosted.org/packages/d0/96/58b0411e8be9694d5972bee3167d6c1fd1fdfdf7ce253c1a19a327208f4f/fastavro-1.12.1-cp314-cp314-musllinux_1_2_aarch64.whl", hash = "sha256:cb0337b42fd3c047fcf0e9b7597bd6ad25868de719f29da81eabb6343f08d399", size = 3229644, upload-time = "2025-10-10T15:42:06.221Z" },
    { url = "https://files.pythonhosted.org/packages/5b/db/38660660eac82c30471d9101f45b3acfdcbadfe42d8f7cdb129459a45050/fastavro-1.12.1-cp314-cp314-musllinux_1_2_x86_64.whl", hash = "sha256:64961ab15b74b7c168717bbece5660e0f3d457837c3cc9d9145181d011199fa7", size = 3329704, upload-time = "2025-10-10T15:42:08.384Z" },
    { url = "https://files.pythonhosted.org/packages/9d/a9/1672910f458ecb30b596c9e59e41b7c00309b602a0494341451e92e62747/fastavro-1.12.1-cp314-cp314-win_amd64.whl", hash = "sha256:792356d320f6e757e89f7ac9c22f481e546c886454a6709247f43c0dd7058004", size = 452911, upload-time = "2025-10-10T15:42:09.795Z" },
    { url = "https://files.pythonhosted.org/packages/dc/8d/2e15d0938ded1891b33eff252e8500605508b799c2e57188a933f0bd744c/fastavro-1.12.1-cp314-cp314t-manylinux2014_aarch64.manylinux_2_17_aarch64.manylinux_2_28_aarch64.whl", hash = "sha256:120aaf82ac19d60a1016afe410935fe94728752d9c2d684e267e5b7f0e70f6d9", size = 3541999, upload-time = "2025-10-10T15:42:11.794Z" },
    { url = "https://files.pythonhosted.org/packages/a7/1c/6dfd082a205be4510543221b734b1191299e6a1810c452b6bc76dfa6968e/fastavro-1.12.1-cp314-cp314t-manylinux2014_x86_64.manylinux_2_17_x86_64.manylinux_2_28_x86_64.whl", hash = "sha256:b6a3462934b20a74f9ece1daa49c2e4e749bd9a35fa2657b53bf62898fba80f5", size = 3433972, upload-time = "2025-10-10T15:42:14.485Z" },
    { url = "https://files.pythonhosted.org/packages/24/90/9de694625a1a4b727b1ad0958d220cab25a9b6cf7f16a5c7faa9ea7b2261/fastavro-1.12.1-cp314-cp314t-musllinux_1_2_aarch64.whl", hash = "sha256:1f81011d54dd47b12437b51dd93a70a9aa17b61307abf26542fc3c13efbc6c51", size = 3368752, upload-time = "2025-10-10T15:42:16.618Z" },
    { url = "https://files.pythonhosted.org/packages/fa/93/b44f67589e4d439913dab6720f7e3507b0fa8b8e56d06f6fc875ced26afb/fastavro-1.12.1-cp314-cp314t-musllinux_1_2_x86_64.whl", hash = "sha256:43ded16b3f4a9f1a42f5970c2aa618acb23ea59c4fcaa06680bdf470b255e5a8", size = 3386636, upload-time = "2025-10-10T15:42:18.974Z" },
]
